{
  "name": "ast-benchmarks",
  "version": "1.0.0",
  "lockfileVersion": 1,
  "requires": true,
  "dependencies": {
    "@babel/parser": {
      "version": "7.4.4",
      "resolved": "https://registry.npmjs.org/@babel/parser/-/parser-7.4.4.tgz",
      "integrity": "sha512-5pCS4mOsL+ANsFZGdvNLybx4wtqAZJ0MJjMHxvzI3bvIsz6sQvzW8XX92EYIkiPtIvcfG3Aj+Ir5VNyjnZhP7w==",
      "dev": true
    },
    "acorn": {
      "version": "6.1.1",
      "resolved": "https://registry.npmjs.org/acorn/-/acorn-6.1.1.tgz",
      "integrity": "sha512-jPTiwtOxaHNaAPg/dmrJ/beuzLRnXtB0kQPQ8JpotKJgTB6rX6c8mlf315941pyjBSaPg8NHXS9fhP4u17DpGA==",
      "dev": true
    },
    "cherow": {
      "version": "1.6.9",
      "resolved": "https://registry.npmjs.org/cherow/-/cherow-1.6.9.tgz",
      "integrity": "sha512-pmmkpIQRcnDA7EawKcg9+ncSZNTYfXqDx+K3oqqYvpZlqVBChjTomTfw+hePnkqYR3Y013818c0R1Q5P/7PGrQ==",
      "dev": true
    },
    "esprima": {
      "version": "4.0.1",
      "resolved": "https://registry.npmjs.org/esprima/-/esprima-4.0.1.tgz",
      "integrity": "sha512-eGuFFw7Upda+g4p+QHvnW0RyTX/SVeJBDM/gCtMARO0cLuT2HcEKnTPvhjV6aGeqrCB/sbNop0Kszm0jsaWU4A==",
      "dev": true
    },
    "typescript": {
      "version": "3.4.5",
      "resolved": "https://registry.npmjs.org/typescript/-/typescript-3.4.5.tgz",
      "integrity": "sha512-YycBxUb49UUhdNMU5aJ7z5Ej2XGmaIBL0x34vZ82fn3hGvD+bgrMrVDpatgz2f7YxUMJxMkbWxJZeAvDxVe7Vw==",
      "dev": true
    }
  }
}
